<?xml version="1.0" encoding="UTF-8" standalone="yes" ?>
<CodeBlocks_project_file>
	<FileVersion major="1" minor="6" />
	<Project>
		<Option title="xxb" />
		<Option pch_mode="2" />
		<Option compiler="gcc" />
		<Build>
			<Target title="Debug">
				<Option output="bin/Debug/xxb" prefix_auto="1" extension_auto="1" />
				<Option object_output="obj/Debug/" />
				<Option type="1" />
				<Option compiler="gcc" />
				<Compiler>
					<Add option="-g" />
				</Compiler>
			</Target>
			<Target title="Release">
				<Option output="bin/Release/xxb" prefix_auto="1" extension_auto="1" />
				<Option object_output="obj/Release/" />
				<Option type="1" />
				<Option compiler="gcc" />
				<Compiler>
					<Add option="-O2" />
				</Compiler>
				<Linker>
					<Add option="-s" />
				</Linker>
			</Target>
		</Build>
		<Compiler>
			<Add option="-Wall" />
		</Compiler>
		<Unit filename="ClearList_Sq.c">
			<Option compilerVar="CC" />
		</Unit>
		<Unit filename="DeleteList_Sq.c">
			<Option compilerVar="CC" />
		</Unit>
		<Unit filename="DistoryList_Sq.c">
			<Option compilerVar="CC" />
		</Unit>
		<Unit filename="GetElem_Sq.c">
			<Option compilerVar="CC" />
		</Unit>
		<Unit filename="InitList_Sq.c">
			<Option compilerVar="CC" />
		</Unit>
		<Unit filename="ListEmpty_Sq.c">
			<Option compilerVar="CC" />
		</Unit>
		<Unit filename="ListInsert_Sq.c">
			<Option compilerVar="CC" />
		</Unit>
		<Unit filename="ListLength_Sq.c">
			<Option compilerVar="CC" />
		</Unit>
		<Unit filename="NextElem_Sq.c">
			<Option compilerVar="CC" />
		</Unit>
		<Unit filename="PrintList_Sq.c">
			<Option compilerVar="CC" />
		</Unit>
		<Unit filename="PriorElem_Sq.c">
			<Option compilerVar="CC" />
		</Unit>
		<Unit filename="Sqlist.h" />
		<Unit filename="ValueList_Sq.c">
			<Option compilerVar="CC" />
		</Unit>
		<Unit filename="main.c">
			<Option compilerVar="CC" />
		</Unit>
		<Extensions>
			<code_completion />
			<envvars />
			<debugger />
			<lib_finder disable_auto="1" />
		</Extensions>
	</Project>
</CodeBlocks_project_file>
