<?xml version="1.0" encoding="UTF-8" standalone="yes" ?>
<CodeBlocks_project_file>
	<FileVersion major="1" minor="6" />
	<Project>
		<Option title="zhan" />
		<Option pch_mode="2" />
		<Option compiler="gcc" />
		<Build>
			<Target title="Debug">
				<Option output="bin/Debug/zhan" prefix_auto="1" extension_auto="1" />
				<Option object_output="obj/Debug/" />
				<Option type="1" />
				<Option compiler="gcc" />
				<Compiler>
					<Add option="-g" />
				</Compiler>
			</Target>
			<Target title="Release">
				<Option output="bin/Release/zhan" prefix_auto="1" extension_auto="1" />
				<Option object_output="obj/Release/" />
				<Option type="1" />
				<Option compiler="gcc" />
				<Compiler>
					<Add option="-O2" />
				</Compiler>
				<Linker>
					<Add option="-s" />
				</Linker>
			</Target>
		</Build>
		<Compiler>
			<Add option="-Wall" />
		</Compiler>
		<Unit filename="Clear.c">
			<Option compilerVar="CC" />
		</Unit>
		<Unit filename="Destroy.c">
			<Option compilerVar="CC" />
		</Unit>
		<Unit filename="Get_Top.c">
			<Option compilerVar="CC" />
		</Unit>
		<Unit filename="InitStack.c">
			<Option compilerVar="CC" />
		</Unit>
		<Unit filename="StackEmpty.c">
			<Option compilerVar="CC" />
		</Unit>
		<Unit filename="StackLength.c">
			<Option compilerVar="CC" />
		</Unit>
		<Unit filename="StackTraverse.c">
			<Option compilerVar="CC" />
		</Unit>
		<Unit filename="incrementStacksize.c">
			<Option compilerVar="CC" />
		</Unit>
		<Unit filename="knapsack.c">
			<Option compilerVar="CC" />
		</Unit>
		<Unit filename="main.c">
			<Option compilerVar="CC" />
		</Unit>
		<Unit filename="pop.c">
			<Option compilerVar="CC" />
		</Unit>
		<Unit filename="push.c">
			<Option compilerVar="CC" />
		</Unit>
		<Unit filename="stack.h" />
		<Extensions>
			<code_completion />
			<envvars />
			<debugger />
			<lib_finder disable_auto="1" />
		</Extensions>
	</Project>
</CodeBlocks_project_file>
